
Microsoft Visual Studio Solution File, Format Version 12.00
# Visual Studio Version 17
VisualStudioVersion = 17.0.31903.59
MinimumVisualStudioVersion = 10.0.40219.1
Project("{2150E333-8FDC-42A3-9474-1A3956D46DE8}") = "src", "src", "{1C2A28C9-629D-4C8E-8371-01B4B30730A7}"
EndProject
Project("{FAE04EC0-301F-11D3-BF4B-00C04F79EFBC}") = "Play.APIGateway", "Play.APIGateway\Play.APIGateway.csproj", "{51C30A17-1FE6-4EE2-BC53-0C129B0B6F39}"
EndProject
Global
	GlobalSection(SolutionConfigurationPlatforms) = preSolution
		Debug|Any CPU = Debug|Any CPU
		Release|Any CPU = Release|Any CPU
	EndGlobalSection
	GlobalSection(SolutionProperties) = preSolution
		HideSolutionNode = FALSE
	EndGlobalSection
	GlobalSection(NestedProjects) = preSolution
		{51C30A17-1FE6-4EE2-BC53-0C129B0B6F39} = {1C2A28C9-629D-4C8E-8371-01B4B30730A7}
	EndGlobalSection
	GlobalSection(ProjectConfigurationPlatforms) = postSolution
		{51C30A17-1FE6-4EE2-BC53-0C129B0B6F39}.Debug|Any CPU.ActiveCfg = Debug|Any CPU
		{51C30A17-1FE6-4EE2-BC53-0C129B0B6F39}.Debug|Any CPU.Build.0 = Debug|Any CPU
		{51C30A17-1FE6-4EE2-BC53-0C129B0B6F39}.Release|Any CPU.ActiveCfg = Release|Any CPU
		{51C30A17-1FE6-4EE2-BC53-0C129B0B6F39}.Release|Any CPU.Build.0 = Release|Any CPU
	EndGlobalSection
EndGlobal
