
Microsoft Visual Studio Solution File, Format Version 12.00
Project("{FAE04EC0-301F-11D3-BF4B-00C04F79EFBC}") = "Play.Items.Domain", "src\Play.Items.Domain\Play.Items.Domain.csproj", "{37210F7F-670D-47D9-B23B-9E0E971C2EE2}"
EndProject
Project("{2150E333-8FDC-42A3-9474-1A3956D46DE8}") = "src", "src", "{A5F67090-7F03-495D-97CC-AEC98D40D7E2}"
EndProject
Project("{FAE04EC0-301F-11D3-BF4B-00C04F79EFBC}") = "Play.Items.Application", "src\Play.Items.Application\Play.Items.Application.csproj", "{98FFBFCE-2B33-4D00-A397-F243EC9FE728}"
EndProject
Project("{FAE04EC0-301F-11D3-BF4B-00C04F79EFBC}") = "Play.Items.Infra", "src\Play.Items.Infra\Play.Items.Infra.csproj", "{A2527B2D-1050-4D02-B98B-BECC736C3497}"
EndProject
Project("{FAE04EC0-301F-11D3-BF4B-00C04F79EFBC}") = "Play.Items.Api", "src\Play.Items.Api\Play.Items.Api.csproj", "{3BFDAC7C-5BF2-426E-A1E1-4E4B22A37213}"
EndProject
Project("{2150E333-8FDC-42A3-9474-1A3956D46DE8}") = "tests", "tests", "{1498D618-FA0F-4C3A-823D-9CD0EB60D5D8}"
EndProject
Project("{FAE04EC0-301F-11D3-BF4B-00C04F79EFBC}") = "Play.Items.Tests.Shared", "tests\Play.Items.Tests.Shared\Play.Items.Tests.Shared.csproj", "{7655D030-0184-4828-8DE5-478ED6A88B6E}"
EndProject
Project("{FAE04EC0-301F-11D3-BF4B-00C04F79EFBC}") = "Play.Items.Tests.EndToEnd", "tests\Play.Items.Tests.EndToEnd\Play.Items.Tests.EndToEnd.csproj", "{88E0F9E5-5BE0-4912-948E-867DFA66BC7A}"
EndProject
Project("{FAE04EC0-301F-11D3-BF4B-00C04F79EFBC}") = "Play.Items.Tests.Integration", "tests\Play.Items.Tests.Integration\Play.Items.Tests.Integration.csproj", "{31978527-394A-4DCE-B83D-068119594996}"
EndProject
Project("{FAE04EC0-301F-11D3-BF4B-00C04F79EFBC}") = "Play.Items.Tests.Unit", "tests\Play.Items.Tests.Unit\Play.Items.Tests.Unit.csproj", "{1AC34136-6B92-4A69-96BF-1DF3408D26C5}"
EndProject
Global
	GlobalSection(SolutionConfigurationPlatforms) = preSolution
		Debug|Any CPU = Debug|Any CPU
		Release|Any CPU = Release|Any CPU
	EndGlobalSection
	GlobalSection(ProjectConfigurationPlatforms) = postSolution
		{37210F7F-670D-47D9-B23B-9E0E971C2EE2}.Debug|Any CPU.ActiveCfg = Debug|Any CPU
		{37210F7F-670D-47D9-B23B-9E0E971C2EE2}.Debug|Any CPU.Build.0 = Debug|Any CPU
		{37210F7F-670D-47D9-B23B-9E0E971C2EE2}.Release|Any CPU.ActiveCfg = Release|Any CPU
		{37210F7F-670D-47D9-B23B-9E0E971C2EE2}.Release|Any CPU.Build.0 = Release|Any CPU
		{98FFBFCE-2B33-4D00-A397-F243EC9FE728}.Debug|Any CPU.ActiveCfg = Debug|Any CPU
		{98FFBFCE-2B33-4D00-A397-F243EC9FE728}.Debug|Any CPU.Build.0 = Debug|Any CPU
		{98FFBFCE-2B33-4D00-A397-F243EC9FE728}.Release|Any CPU.ActiveCfg = Release|Any CPU
		{98FFBFCE-2B33-4D00-A397-F243EC9FE728}.Release|Any CPU.Build.0 = Release|Any CPU
		{A2527B2D-1050-4D02-B98B-BECC736C3497}.Debug|Any CPU.ActiveCfg = Debug|Any CPU
		{A2527B2D-1050-4D02-B98B-BECC736C3497}.Debug|Any CPU.Build.0 = Debug|Any CPU
		{A2527B2D-1050-4D02-B98B-BECC736C3497}.Release|Any CPU.ActiveCfg = Release|Any CPU
		{A2527B2D-1050-4D02-B98B-BECC736C3497}.Release|Any CPU.Build.0 = Release|Any CPU
		{3BFDAC7C-5BF2-426E-A1E1-4E4B22A37213}.Debug|Any CPU.ActiveCfg = Debug|Any CPU
		{3BFDAC7C-5BF2-426E-A1E1-4E4B22A37213}.Debug|Any CPU.Build.0 = Debug|Any CPU
		{3BFDAC7C-5BF2-426E-A1E1-4E4B22A37213}.Release|Any CPU.ActiveCfg = Release|Any CPU
		{3BFDAC7C-5BF2-426E-A1E1-4E4B22A37213}.Release|Any CPU.Build.0 = Release|Any CPU
		{7655D030-0184-4828-8DE5-478ED6A88B6E}.Debug|Any CPU.ActiveCfg = Debug|Any CPU
		{7655D030-0184-4828-8DE5-478ED6A88B6E}.Debug|Any CPU.Build.0 = Debug|Any CPU
		{7655D030-0184-4828-8DE5-478ED6A88B6E}.Release|Any CPU.ActiveCfg = Release|Any CPU
		{7655D030-0184-4828-8DE5-478ED6A88B6E}.Release|Any CPU.Build.0 = Release|Any CPU
		{88E0F9E5-5BE0-4912-948E-867DFA66BC7A}.Debug|Any CPU.ActiveCfg = Debug|Any CPU
		{88E0F9E5-5BE0-4912-948E-867DFA66BC7A}.Debug|Any CPU.Build.0 = Debug|Any CPU
		{88E0F9E5-5BE0-4912-948E-867DFA66BC7A}.Release|Any CPU.ActiveCfg = Release|Any CPU
		{88E0F9E5-5BE0-4912-948E-867DFA66BC7A}.Release|Any CPU.Build.0 = Release|Any CPU
		{31978527-394A-4DCE-B83D-068119594996}.Debug|Any CPU.ActiveCfg = Debug|Any CPU
		{31978527-394A-4DCE-B83D-068119594996}.Debug|Any CPU.Build.0 = Debug|Any CPU
		{31978527-394A-4DCE-B83D-068119594996}.Release|Any CPU.ActiveCfg = Release|Any CPU
		{31978527-394A-4DCE-B83D-068119594996}.Release|Any CPU.Build.0 = Release|Any CPU
		{1AC34136-6B92-4A69-96BF-1DF3408D26C5}.Debug|Any CPU.ActiveCfg = Debug|Any CPU
		{1AC34136-6B92-4A69-96BF-1DF3408D26C5}.Debug|Any CPU.Build.0 = Debug|Any CPU
		{1AC34136-6B92-4A69-96BF-1DF3408D26C5}.Release|Any CPU.ActiveCfg = Release|Any CPU
		{1AC34136-6B92-4A69-96BF-1DF3408D26C5}.Release|Any CPU.Build.0 = Release|Any CPU
	EndGlobalSection
	GlobalSection(NestedProjects) = preSolution
		{37210F7F-670D-47D9-B23B-9E0E971C2EE2} = {A5F67090-7F03-495D-97CC-AEC98D40D7E2}
		{98FFBFCE-2B33-4D00-A397-F243EC9FE728} = {A5F67090-7F03-495D-97CC-AEC98D40D7E2}
		{A2527B2D-1050-4D02-B98B-BECC736C3497} = {A5F67090-7F03-495D-97CC-AEC98D40D7E2}
		{3BFDAC7C-5BF2-426E-A1E1-4E4B22A37213} = {A5F67090-7F03-495D-97CC-AEC98D40D7E2}
		{7655D030-0184-4828-8DE5-478ED6A88B6E} = {1498D618-FA0F-4C3A-823D-9CD0EB60D5D8}
		{88E0F9E5-5BE0-4912-948E-867DFA66BC7A} = {1498D618-FA0F-4C3A-823D-9CD0EB60D5D8}
		{31978527-394A-4DCE-B83D-068119594996} = {1498D618-FA0F-4C3A-823D-9CD0EB60D5D8}
		{1AC34136-6B92-4A69-96BF-1DF3408D26C5} = {1498D618-FA0F-4C3A-823D-9CD0EB60D5D8}
	EndGlobalSection
EndGlobal
