
Microsoft Visual Studio Solution File, Format Version 12.00
Project("{FAE04EC0-301F-11D3-BF4B-00C04F79EFBC}") = "Play.Items.Domain", "src\Play.Items.Domain\Play.Items.Domain.csproj", "{37210F7F-670D-47D9-B23B-9E0E971C2EE2}"
EndProject
Project("{2150E333-8FDC-42A3-9474-1A3956D46DE8}") = "src", "src", "{A5F67090-7F03-495D-97CC-AEC98D40D7E2}"
EndProject
Project("{FAE04EC0-301F-11D3-BF4B-00C04F79EFBC}") = "Play.Items.Application", "src\Play.Items.Application\Play.Items.Application.csproj", "{98FFBFCE-2B33-4D00-A397-F243EC9FE728}"
EndProject
Project("{FAE04EC0-301F-11D3-BF4B-00C04F79EFBC}") = "Play.Items.Infra", "src\Play.Items.Infra\Play.Items.Infra.csproj", "{A2527B2D-1050-4D02-B98B-BECC736C3497}"
EndProject
Project("{FAE04EC0-301F-11D3-BF4B-00C04F79EFBC}") = "Play.Items.Api", "src\Play.Items.Api\Play.Items.Api.csproj", "{3BFDAC7C-5BF2-426E-A1E1-4E4B22A37213}"
EndProject
Project("{FAE04EC0-301F-11D3-BF4B-00C04F79EFBC}") = "Play.Items.Contracts", "src\Play.Items.Contracts\Play.Items.Contracts.csproj", "{4627AF1F-922C-4159-8086-246C7D4F7768}"
EndProject
Global
	GlobalSection(SolutionConfigurationPlatforms) = preSolution
		Debug|Any CPU = Debug|Any CPU
		Release|Any CPU = Release|Any CPU
	EndGlobalSection
	GlobalSection(ProjectConfigurationPlatforms) = postSolution
		{37210F7F-670D-47D9-B23B-9E0E971C2EE2}.Debug|Any CPU.ActiveCfg = Debug|Any CPU
		{37210F7F-670D-47D9-B23B-9E0E971C2EE2}.Debug|Any CPU.Build.0 = Debug|Any CPU
		{37210F7F-670D-47D9-B23B-9E0E971C2EE2}.Release|Any CPU.ActiveCfg = Release|Any CPU
		{37210F7F-670D-47D9-B23B-9E0E971C2EE2}.Release|Any CPU.Build.0 = Release|Any CPU
		{98FFBFCE-2B33-4D00-A397-F243EC9FE728}.Debug|Any CPU.ActiveCfg = Debug|Any CPU
		{98FFBFCE-2B33-4D00-A397-F243EC9FE728}.Debug|Any CPU.Build.0 = Debug|Any CPU
		{98FFBFCE-2B33-4D00-A397-F243EC9FE728}.Release|Any CPU.ActiveCfg = Release|Any CPU
		{98FFBFCE-2B33-4D00-A397-F243EC9FE728}.Release|Any CPU.Build.0 = Release|Any CPU
		{A2527B2D-1050-4D02-B98B-BECC736C3497}.Debug|Any CPU.ActiveCfg = Debug|Any CPU
		{A2527B2D-1050-4D02-B98B-BECC736C3497}.Debug|Any CPU.Build.0 = Debug|Any CPU
		{A2527B2D-1050-4D02-B98B-BECC736C3497}.Release|Any CPU.ActiveCfg = Release|Any CPU
		{A2527B2D-1050-4D02-B98B-BECC736C3497}.Release|Any CPU.Build.0 = Release|Any CPU
		{3BFDAC7C-5BF2-426E-A1E1-4E4B22A37213}.Debug|Any CPU.ActiveCfg = Debug|Any CPU
		{3BFDAC7C-5BF2-426E-A1E1-4E4B22A37213}.Debug|Any CPU.Build.0 = Debug|Any CPU
		{3BFDAC7C-5BF2-426E-A1E1-4E4B22A37213}.Release|Any CPU.ActiveCfg = Release|Any CPU
		{3BFDAC7C-5BF2-426E-A1E1-4E4B22A37213}.Release|Any CPU.Build.0 = Release|Any CPU
		{4627AF1F-922C-4159-8086-246C7D4F7768}.Debug|Any CPU.ActiveCfg = Debug|Any CPU
		{4627AF1F-922C-4159-8086-246C7D4F7768}.Debug|Any CPU.Build.0 = Debug|Any CPU
		{4627AF1F-922C-4159-8086-246C7D4F7768}.Release|Any CPU.ActiveCfg = Release|Any CPU
		{4627AF1F-922C-4159-8086-246C7D4F7768}.Release|Any CPU.Build.0 = Release|Any CPU
	EndGlobalSection
	GlobalSection(NestedProjects) = preSolution
		{37210F7F-670D-47D9-B23B-9E0E971C2EE2} = {A5F67090-7F03-495D-97CC-AEC98D40D7E2}
		{98FFBFCE-2B33-4D00-A397-F243EC9FE728} = {A5F67090-7F03-495D-97CC-AEC98D40D7E2}
		{A2527B2D-1050-4D02-B98B-BECC736C3497} = {A5F67090-7F03-495D-97CC-AEC98D40D7E2}
		{3BFDAC7C-5BF2-426E-A1E1-4E4B22A37213} = {A5F67090-7F03-495D-97CC-AEC98D40D7E2}
		{4627AF1F-922C-4159-8086-246C7D4F7768} = {A5F67090-7F03-495D-97CC-AEC98D40D7E2}
	EndGlobalSection
EndGlobal
