
Microsoft Visual Studio Solution File, Format Version 12.00
Project("{2150E333-8FDC-42A3-9474-1A3956D46DE8}") = "src", "src", "{D27D2D8C-B264-47ED-BB41-D40F99F10F7F}"
EndProject
Project("{2150E333-8FDC-42A3-9474-1A3956D46DE8}") = "tests", "tests", "{18D67DAF-3541-46E5-855F-165E6C22E3C2}"
EndProject
Project("{FAE04EC0-301F-11D3-BF4B-00C04F79EFBC}") = "Play.Common.Abs", "..\Play.Common\src\Play.Common.Abs\Play.Common.Abs.csproj", "{8265B417-5EF4-4B79-9438-A71DD3964257}"
EndProject
Project("{2150E333-8FDC-42A3-9474-1A3956D46DE8}") = "Play.Common", "Play.Common", "{7DB6D2EF-4E61-43A7-A01F-E78CF98438FB}"
EndProject
Project("{FAE04EC0-301F-11D3-BF4B-00C04F79EFBC}") = "Play.Common", "..\Play.Common\src\Play.Common\Play.Common.csproj", "{4AF71483-EB5A-4B74-991C-CB012F94A5F9}"
EndProject
Project("{2150E333-8FDC-42A3-9474-1A3956D46DE8}") = "Play.Items", "Play.Items", "{57A27441-391D-4A2C-B528-EB7F86CB3B1E}"
EndProject
Project("{2150E333-8FDC-42A3-9474-1A3956D46DE8}") = "Play.Inventory", "Play.Inventory", "{500D3FE8-AAF6-4BE5-B24C-69CB0644B28C}"
EndProject
Project("{2150E333-8FDC-42A3-9474-1A3956D46DE8}") = "Play.User", "Play.User", "{848DE743-5972-4711-86F0-7793F87B1FA9}"
EndProject
Project("{2150E333-8FDC-42A3-9474-1A3956D46DE8}") = "Play.APIGateway", "Play.APIGateway", "{3DC189D1-18F4-452B-81FC-5C63BFF027E0}"
EndProject
Project("{2150E333-8FDC-42A3-9474-1A3956D46DE8}") = "Play.Operation", "Play.Operation", "{83E95F0A-B84E-4693-92C9-553E60EC8154}"
EndProject
Project("{FAE04EC0-301F-11D3-BF4B-00C04F79EFBC}") = "Play.APIGateway", "..\Play.APIGateway\src\Play.APIGateway\Play.APIGateway.csproj", "{46A158D9-8A44-4EE0-B659-2D0E0948744D}"
EndProject
Project("{FAE04EC0-301F-11D3-BF4B-00C04F79EFBC}") = "Play.Inventory.Domain", "..\Play.Inventory\src\Play.Inventory.Domain\Play.Inventory.Domain.csproj", "{6702EC46-4E34-42C6-9F1A-0F9E75CA55FE}"
EndProject
Project("{FAE04EC0-301F-11D3-BF4B-00C04F79EFBC}") = "Play.Inventory.Application", "..\Play.Inventory\src\Play.Inventory.Application\Play.Inventory.Application.csproj", "{451FE534-5EF6-442F-91B1-33B62130F99B}"
EndProject
Project("{FAE04EC0-301F-11D3-BF4B-00C04F79EFBC}") = "Play.Inventory.Infra", "..\Play.Inventory\src\Play.Inventory.Infra\Play.Inventory.Infra.csproj", "{1042B176-911E-4FA3-8819-701A82AEF561}"
EndProject
Project("{FAE04EC0-301F-11D3-BF4B-00C04F79EFBC}") = "Play.Inventory.Service", "..\Play.Inventory\src\Play.Inventory.Service\Play.Inventory.Service.csproj", "{E3AAC4B5-EAC6-45F2-943B-ABFC4E9A8508}"
EndProject
Project("{FAE04EC0-301F-11D3-BF4B-00C04F79EFBC}") = "Play.Items.Domain", "..\Play.Items\src\Play.Items.Domain\Play.Items.Domain.csproj", "{7FF3F1C0-4E80-4B92-9662-C27805C460DA}"
EndProject
Project("{FAE04EC0-301F-11D3-BF4B-00C04F79EFBC}") = "Play.Items.Application", "..\Play.Items\src\Play.Items.Application\Play.Items.Application.csproj", "{9B4E9355-6D08-4D2C-BF3E-9FEB0174DBD8}"
EndProject
Project("{FAE04EC0-301F-11D3-BF4B-00C04F79EFBC}") = "Play.Items.Infra", "..\Play.Items\src\Play.Items.Infra\Play.Items.Infra.csproj", "{6AAA30E6-7714-461C-8CF0-D9B5A894481A}"
EndProject
Project("{FAE04EC0-301F-11D3-BF4B-00C04F79EFBC}") = "Play.Items.Api", "..\Play.Items\src\Play.Items.Api\Play.Items.Api.csproj", "{22459C28-3100-4DCE-8B6C-19C05248772B}"
EndProject
Project("{FAE04EC0-301F-11D3-BF4B-00C04F79EFBC}") = "Play.User.Core", "..\Play.User\src\Play.User.Core\Play.User.Core.csproj", "{EF5198A7-B538-4D8E-A51E-42F01C9BCB3E}"
EndProject
Project("{FAE04EC0-301F-11D3-BF4B-00C04F79EFBC}") = "Play.User.Service", "..\Play.User\src\Play.User.Service\Play.User.Service.csproj", "{9B70EEB9-C818-4AC9-85C6-E0A78C1CDC58}"
EndProject
Project("{2150E333-8FDC-42A3-9474-1A3956D46DE8}") = "Play.World", "Play.World", "{A6ADAB1D-4665-4F7B-A90F-CCD0DF6EDF79}"
EndProject
Project("{FAE04EC0-301F-11D3-BF4B-00C04F79EFBC}") = "Play.World.Api", "..\Play.World\src\Play.World.Api\Play.World.Api.csproj", "{13FEDC3B-D043-41C2-B2AE-7FA0EF2CC7F4}"
EndProject
Project("{FAE04EC0-301F-11D3-BF4B-00C04F79EFBC}") = "Play.World.Domain", "..\Play.World\src\Play.World.Domain\Play.World.Domain.csproj", "{F1265016-6D33-48A8-AFDE-9E3057B7E1D5}"
EndProject
Project("{FAE04EC0-301F-11D3-BF4B-00C04F79EFBC}") = "Play.World.Application", "..\Play.World\src\Play.World.Application\Play.World.Application.csproj", "{F81CF17D-5A2C-4A44-AD0F-62A599CB5481}"
EndProject
Project("{FAE04EC0-301F-11D3-BF4B-00C04F79EFBC}") = "Play.World.Infrastructure", "..\Play.World\src\Play.World.Infrastructure\Play.World.Infrastructure.csproj", "{5D7A3561-1F3B-4F2E-BDCA-FA5B07119865}"
EndProject
Global
	GlobalSection(SolutionConfigurationPlatforms) = preSolution
		Debug|Any CPU = Debug|Any CPU
		Release|Any CPU = Release|Any CPU
	EndGlobalSection
	GlobalSection(NestedProjects) = preSolution
		{7DB6D2EF-4E61-43A7-A01F-E78CF98438FB} = {D27D2D8C-B264-47ED-BB41-D40F99F10F7F}
		{8265B417-5EF4-4B79-9438-A71DD3964257} = {7DB6D2EF-4E61-43A7-A01F-E78CF98438FB}
		{4AF71483-EB5A-4B74-991C-CB012F94A5F9} = {7DB6D2EF-4E61-43A7-A01F-E78CF98438FB}
		{57A27441-391D-4A2C-B528-EB7F86CB3B1E} = {D27D2D8C-B264-47ED-BB41-D40F99F10F7F}
		{500D3FE8-AAF6-4BE5-B24C-69CB0644B28C} = {D27D2D8C-B264-47ED-BB41-D40F99F10F7F}
		{848DE743-5972-4711-86F0-7793F87B1FA9} = {D27D2D8C-B264-47ED-BB41-D40F99F10F7F}
		{3DC189D1-18F4-452B-81FC-5C63BFF027E0} = {D27D2D8C-B264-47ED-BB41-D40F99F10F7F}
		{83E95F0A-B84E-4693-92C9-553E60EC8154} = {D27D2D8C-B264-47ED-BB41-D40F99F10F7F}
		{46A158D9-8A44-4EE0-B659-2D0E0948744D} = {3DC189D1-18F4-452B-81FC-5C63BFF027E0}
		{6702EC46-4E34-42C6-9F1A-0F9E75CA55FE} = {500D3FE8-AAF6-4BE5-B24C-69CB0644B28C}
		{451FE534-5EF6-442F-91B1-33B62130F99B} = {500D3FE8-AAF6-4BE5-B24C-69CB0644B28C}
		{1042B176-911E-4FA3-8819-701A82AEF561} = {500D3FE8-AAF6-4BE5-B24C-69CB0644B28C}
		{E3AAC4B5-EAC6-45F2-943B-ABFC4E9A8508} = {500D3FE8-AAF6-4BE5-B24C-69CB0644B28C}
		{7FF3F1C0-4E80-4B92-9662-C27805C460DA} = {57A27441-391D-4A2C-B528-EB7F86CB3B1E}
		{9B4E9355-6D08-4D2C-BF3E-9FEB0174DBD8} = {57A27441-391D-4A2C-B528-EB7F86CB3B1E}
		{6AAA30E6-7714-461C-8CF0-D9B5A894481A} = {57A27441-391D-4A2C-B528-EB7F86CB3B1E}
		{22459C28-3100-4DCE-8B6C-19C05248772B} = {57A27441-391D-4A2C-B528-EB7F86CB3B1E}
		{EF5198A7-B538-4D8E-A51E-42F01C9BCB3E} = {848DE743-5972-4711-86F0-7793F87B1FA9}
		{9B70EEB9-C818-4AC9-85C6-E0A78C1CDC58} = {848DE743-5972-4711-86F0-7793F87B1FA9}
		{A6ADAB1D-4665-4F7B-A90F-CCD0DF6EDF79} = {D27D2D8C-B264-47ED-BB41-D40F99F10F7F}
		{13FEDC3B-D043-41C2-B2AE-7FA0EF2CC7F4} = {A6ADAB1D-4665-4F7B-A90F-CCD0DF6EDF79}
		{F1265016-6D33-48A8-AFDE-9E3057B7E1D5} = {A6ADAB1D-4665-4F7B-A90F-CCD0DF6EDF79}
		{F81CF17D-5A2C-4A44-AD0F-62A599CB5481} = {A6ADAB1D-4665-4F7B-A90F-CCD0DF6EDF79}
		{5D7A3561-1F3B-4F2E-BDCA-FA5B07119865} = {A6ADAB1D-4665-4F7B-A90F-CCD0DF6EDF79}
	EndGlobalSection
	GlobalSection(ProjectConfigurationPlatforms) = postSolution
		{8265B417-5EF4-4B79-9438-A71DD3964257}.Debug|Any CPU.ActiveCfg = Debug|Any CPU
		{8265B417-5EF4-4B79-9438-A71DD3964257}.Debug|Any CPU.Build.0 = Debug|Any CPU
		{8265B417-5EF4-4B79-9438-A71DD3964257}.Release|Any CPU.ActiveCfg = Release|Any CPU
		{8265B417-5EF4-4B79-9438-A71DD3964257}.Release|Any CPU.Build.0 = Release|Any CPU
		{4AF71483-EB5A-4B74-991C-CB012F94A5F9}.Debug|Any CPU.ActiveCfg = Debug|Any CPU
		{4AF71483-EB5A-4B74-991C-CB012F94A5F9}.Debug|Any CPU.Build.0 = Debug|Any CPU
		{4AF71483-EB5A-4B74-991C-CB012F94A5F9}.Release|Any CPU.ActiveCfg = Release|Any CPU
		{4AF71483-EB5A-4B74-991C-CB012F94A5F9}.Release|Any CPU.Build.0 = Release|Any CPU
		{46A158D9-8A44-4EE0-B659-2D0E0948744D}.Debug|Any CPU.ActiveCfg = Debug|Any CPU
		{46A158D9-8A44-4EE0-B659-2D0E0948744D}.Debug|Any CPU.Build.0 = Debug|Any CPU
		{46A158D9-8A44-4EE0-B659-2D0E0948744D}.Release|Any CPU.ActiveCfg = Release|Any CPU
		{46A158D9-8A44-4EE0-B659-2D0E0948744D}.Release|Any CPU.Build.0 = Release|Any CPU
		{6702EC46-4E34-42C6-9F1A-0F9E75CA55FE}.Debug|Any CPU.ActiveCfg = Debug|Any CPU
		{6702EC46-4E34-42C6-9F1A-0F9E75CA55FE}.Debug|Any CPU.Build.0 = Debug|Any CPU
		{6702EC46-4E34-42C6-9F1A-0F9E75CA55FE}.Release|Any CPU.ActiveCfg = Release|Any CPU
		{6702EC46-4E34-42C6-9F1A-0F9E75CA55FE}.Release|Any CPU.Build.0 = Release|Any CPU
		{451FE534-5EF6-442F-91B1-33B62130F99B}.Debug|Any CPU.ActiveCfg = Debug|Any CPU
		{451FE534-5EF6-442F-91B1-33B62130F99B}.Debug|Any CPU.Build.0 = Debug|Any CPU
		{451FE534-5EF6-442F-91B1-33B62130F99B}.Release|Any CPU.ActiveCfg = Release|Any CPU
		{451FE534-5EF6-442F-91B1-33B62130F99B}.Release|Any CPU.Build.0 = Release|Any CPU
		{1042B176-911E-4FA3-8819-701A82AEF561}.Debug|Any CPU.ActiveCfg = Debug|Any CPU
		{1042B176-911E-4FA3-8819-701A82AEF561}.Debug|Any CPU.Build.0 = Debug|Any CPU
		{1042B176-911E-4FA3-8819-701A82AEF561}.Release|Any CPU.ActiveCfg = Release|Any CPU
		{1042B176-911E-4FA3-8819-701A82AEF561}.Release|Any CPU.Build.0 = Release|Any CPU
		{E3AAC4B5-EAC6-45F2-943B-ABFC4E9A8508}.Debug|Any CPU.ActiveCfg = Debug|Any CPU
		{E3AAC4B5-EAC6-45F2-943B-ABFC4E9A8508}.Debug|Any CPU.Build.0 = Debug|Any CPU
		{E3AAC4B5-EAC6-45F2-943B-ABFC4E9A8508}.Release|Any CPU.ActiveCfg = Release|Any CPU
		{E3AAC4B5-EAC6-45F2-943B-ABFC4E9A8508}.Release|Any CPU.Build.0 = Release|Any CPU
		{7FF3F1C0-4E80-4B92-9662-C27805C460DA}.Debug|Any CPU.ActiveCfg = Debug|Any CPU
		{7FF3F1C0-4E80-4B92-9662-C27805C460DA}.Debug|Any CPU.Build.0 = Debug|Any CPU
		{7FF3F1C0-4E80-4B92-9662-C27805C460DA}.Release|Any CPU.ActiveCfg = Release|Any CPU
		{7FF3F1C0-4E80-4B92-9662-C27805C460DA}.Release|Any CPU.Build.0 = Release|Any CPU
		{9B4E9355-6D08-4D2C-BF3E-9FEB0174DBD8}.Debug|Any CPU.ActiveCfg = Debug|Any CPU
		{9B4E9355-6D08-4D2C-BF3E-9FEB0174DBD8}.Debug|Any CPU.Build.0 = Debug|Any CPU
		{9B4E9355-6D08-4D2C-BF3E-9FEB0174DBD8}.Release|Any CPU.ActiveCfg = Release|Any CPU
		{9B4E9355-6D08-4D2C-BF3E-9FEB0174DBD8}.Release|Any CPU.Build.0 = Release|Any CPU
		{6AAA30E6-7714-461C-8CF0-D9B5A894481A}.Debug|Any CPU.ActiveCfg = Debug|Any CPU
		{6AAA30E6-7714-461C-8CF0-D9B5A894481A}.Debug|Any CPU.Build.0 = Debug|Any CPU
		{6AAA30E6-7714-461C-8CF0-D9B5A894481A}.Release|Any CPU.ActiveCfg = Release|Any CPU
		{6AAA30E6-7714-461C-8CF0-D9B5A894481A}.Release|Any CPU.Build.0 = Release|Any CPU
		{22459C28-3100-4DCE-8B6C-19C05248772B}.Debug|Any CPU.ActiveCfg = Debug|Any CPU
		{22459C28-3100-4DCE-8B6C-19C05248772B}.Debug|Any CPU.Build.0 = Debug|Any CPU
		{22459C28-3100-4DCE-8B6C-19C05248772B}.Release|Any CPU.ActiveCfg = Release|Any CPU
		{22459C28-3100-4DCE-8B6C-19C05248772B}.Release|Any CPU.Build.0 = Release|Any CPU
		{EF5198A7-B538-4D8E-A51E-42F01C9BCB3E}.Debug|Any CPU.ActiveCfg = Debug|Any CPU
		{EF5198A7-B538-4D8E-A51E-42F01C9BCB3E}.Debug|Any CPU.Build.0 = Debug|Any CPU
		{EF5198A7-B538-4D8E-A51E-42F01C9BCB3E}.Release|Any CPU.ActiveCfg = Release|Any CPU
		{EF5198A7-B538-4D8E-A51E-42F01C9BCB3E}.Release|Any CPU.Build.0 = Release|Any CPU
		{9B70EEB9-C818-4AC9-85C6-E0A78C1CDC58}.Debug|Any CPU.ActiveCfg = Debug|Any CPU
		{9B70EEB9-C818-4AC9-85C6-E0A78C1CDC58}.Debug|Any CPU.Build.0 = Debug|Any CPU
		{9B70EEB9-C818-4AC9-85C6-E0A78C1CDC58}.Release|Any CPU.ActiveCfg = Release|Any CPU
		{9B70EEB9-C818-4AC9-85C6-E0A78C1CDC58}.Release|Any CPU.Build.0 = Release|Any CPU
		{13FEDC3B-D043-41C2-B2AE-7FA0EF2CC7F4}.Debug|Any CPU.ActiveCfg = Debug|Any CPU
		{13FEDC3B-D043-41C2-B2AE-7FA0EF2CC7F4}.Debug|Any CPU.Build.0 = Debug|Any CPU
		{13FEDC3B-D043-41C2-B2AE-7FA0EF2CC7F4}.Release|Any CPU.ActiveCfg = Release|Any CPU
		{13FEDC3B-D043-41C2-B2AE-7FA0EF2CC7F4}.Release|Any CPU.Build.0 = Release|Any CPU
		{F1265016-6D33-48A8-AFDE-9E3057B7E1D5}.Debug|Any CPU.ActiveCfg = Debug|Any CPU
		{F1265016-6D33-48A8-AFDE-9E3057B7E1D5}.Debug|Any CPU.Build.0 = Debug|Any CPU
		{F1265016-6D33-48A8-AFDE-9E3057B7E1D5}.Release|Any CPU.ActiveCfg = Release|Any CPU
		{F1265016-6D33-48A8-AFDE-9E3057B7E1D5}.Release|Any CPU.Build.0 = Release|Any CPU
		{F81CF17D-5A2C-4A44-AD0F-62A599CB5481}.Debug|Any CPU.ActiveCfg = Debug|Any CPU
		{F81CF17D-5A2C-4A44-AD0F-62A599CB5481}.Debug|Any CPU.Build.0 = Debug|Any CPU
		{F81CF17D-5A2C-4A44-AD0F-62A599CB5481}.Release|Any CPU.ActiveCfg = Release|Any CPU
		{F81CF17D-5A2C-4A44-AD0F-62A599CB5481}.Release|Any CPU.Build.0 = Release|Any CPU
		{5D7A3561-1F3B-4F2E-BDCA-FA5B07119865}.Debug|Any CPU.ActiveCfg = Debug|Any CPU
		{5D7A3561-1F3B-4F2E-BDCA-FA5B07119865}.Debug|Any CPU.Build.0 = Debug|Any CPU
		{5D7A3561-1F3B-4F2E-BDCA-FA5B07119865}.Release|Any CPU.ActiveCfg = Release|Any CPU
		{5D7A3561-1F3B-4F2E-BDCA-FA5B07119865}.Release|Any CPU.Build.0 = Release|Any CPU
	EndGlobalSection
EndGlobal
