
Microsoft Visual Studio Solution File, Format Version 12.00
# Visual Studio Version 17
VisualStudioVersion = 17.5.002.0
MinimumVisualStudioVersion = 10.0.40219.1
Project("{2150E333-8FDC-42A3-9474-1A3956D46DE8}") = "src", "src", "{6466A04F-5797-4F5C-A5CF-F79BDC1FE2FF}"
EndProject
Project("{9A19103F-16F7-4668-BE54-9A1E7A4F7556}") = "Play.Catalog.Service", "src\Play.Catalog.Service\Play.Catalog.Service.csproj", "{6A99F374-B3FF-48E5-8128-AD974F93F395}"
EndProject
Project("{FAE04EC0-301F-11D3-BF4B-00C04F79EFBC}") = "Play.Catalog.Contracts", "src\Play.Catalog.Contracts\Play.Catalog.Contracts.csproj", "{FE2042AC-00DB-4E7A-8C0D-D22AC7A8563C}"
EndProject
Project("{FAE04EC0-301F-11D3-BF4B-00C04F79EFBC}") = "Play.Catalog.Domain", "src\Play.Catalog.Domain\Play.Catalog.Domain.csproj", "{037C6A1D-C372-4D75-8CCF-55EB1AF96B9B}"
EndProject
Project("{FAE04EC0-301F-11D3-BF4B-00C04F79EFBC}") = "Play.Catalog.Infra", "src\Play.Catalog.Infra\Play.Catalog.Infra.csproj", "{CB2E7D17-7065-42E1-ADA6-594D89B321C4}"
EndProject
Project("{FAE04EC0-301F-11D3-BF4B-00C04F79EFBC}") = "Play.Catalog.Application", "src\Play.Catalog.Application\Play.Catalog.Application.csproj", "{573AC709-1A12-461D-BC8E-ED27662E9224}"
EndProject
Global
	GlobalSection(SolutionConfigurationPlatforms) = preSolution
		Debug|Any CPU = Debug|Any CPU
		Release|Any CPU = Release|Any CPU
	EndGlobalSection
	GlobalSection(ProjectConfigurationPlatforms) = postSolution
		{6A99F374-B3FF-48E5-8128-AD974F93F395}.Debug|Any CPU.ActiveCfg = Debug|Any CPU
		{6A99F374-B3FF-48E5-8128-AD974F93F395}.Debug|Any CPU.Build.0 = Debug|Any CPU
		{6A99F374-B3FF-48E5-8128-AD974F93F395}.Release|Any CPU.ActiveCfg = Release|Any CPU
		{6A99F374-B3FF-48E5-8128-AD974F93F395}.Release|Any CPU.Build.0 = Release|Any CPU
		{FE2042AC-00DB-4E7A-8C0D-D22AC7A8563C}.Debug|Any CPU.ActiveCfg = Debug|Any CPU
		{FE2042AC-00DB-4E7A-8C0D-D22AC7A8563C}.Debug|Any CPU.Build.0 = Debug|Any CPU
		{FE2042AC-00DB-4E7A-8C0D-D22AC7A8563C}.Release|Any CPU.ActiveCfg = Release|Any CPU
		{FE2042AC-00DB-4E7A-8C0D-D22AC7A8563C}.Release|Any CPU.Build.0 = Release|Any CPU
		{037C6A1D-C372-4D75-8CCF-55EB1AF96B9B}.Debug|Any CPU.ActiveCfg = Debug|Any CPU
		{037C6A1D-C372-4D75-8CCF-55EB1AF96B9B}.Debug|Any CPU.Build.0 = Debug|Any CPU
		{037C6A1D-C372-4D75-8CCF-55EB1AF96B9B}.Release|Any CPU.ActiveCfg = Release|Any CPU
		{037C6A1D-C372-4D75-8CCF-55EB1AF96B9B}.Release|Any CPU.Build.0 = Release|Any CPU
		{CB2E7D17-7065-42E1-ADA6-594D89B321C4}.Debug|Any CPU.ActiveCfg = Debug|Any CPU
		{CB2E7D17-7065-42E1-ADA6-594D89B321C4}.Debug|Any CPU.Build.0 = Debug|Any CPU
		{CB2E7D17-7065-42E1-ADA6-594D89B321C4}.Release|Any CPU.ActiveCfg = Release|Any CPU
		{CB2E7D17-7065-42E1-ADA6-594D89B321C4}.Release|Any CPU.Build.0 = Release|Any CPU
		{573AC709-1A12-461D-BC8E-ED27662E9224}.Debug|Any CPU.ActiveCfg = Debug|Any CPU
		{573AC709-1A12-461D-BC8E-ED27662E9224}.Debug|Any CPU.Build.0 = Debug|Any CPU
		{573AC709-1A12-461D-BC8E-ED27662E9224}.Release|Any CPU.ActiveCfg = Release|Any CPU
		{573AC709-1A12-461D-BC8E-ED27662E9224}.Release|Any CPU.Build.0 = Release|Any CPU
	EndGlobalSection
	GlobalSection(SolutionProperties) = preSolution
		HideSolutionNode = FALSE
	EndGlobalSection
	GlobalSection(NestedProjects) = preSolution
		{6A99F374-B3FF-48E5-8128-AD974F93F395} = {6466A04F-5797-4F5C-A5CF-F79BDC1FE2FF}
		{FE2042AC-00DB-4E7A-8C0D-D22AC7A8563C} = {6466A04F-5797-4F5C-A5CF-F79BDC1FE2FF}
		{037C6A1D-C372-4D75-8CCF-55EB1AF96B9B} = {6466A04F-5797-4F5C-A5CF-F79BDC1FE2FF}
		{CB2E7D17-7065-42E1-ADA6-594D89B321C4} = {6466A04F-5797-4F5C-A5CF-F79BDC1FE2FF}
		{573AC709-1A12-461D-BC8E-ED27662E9224} = {6466A04F-5797-4F5C-A5CF-F79BDC1FE2FF}
	EndGlobalSection
	GlobalSection(ExtensibilityGlobals) = postSolution
		SolutionGuid = {1B8D97F1-054E-4288-99CF-C2C42970AE4B}
	EndGlobalSection
EndGlobal
